
Microsoft Visual Studio Solution File, Format Version 12.00
# Visual Studio Version 17
VisualStudioVersion = 17.10.35122.118
MinimumVisualStudioVersion = 10.0.40219.1
Project("{9A19103F-16F7-4668-BE54-9A1E7A4F7556}") = "Game", "Game\Game.csproj", "{A159C6E6-5E46-4B2E-933D-2173DDBEDD77}"
EndProject
Project("{2150E333-8FDC-42A3-9474-1A3956D46DE8}") = "Solution Items", "Solution Items", "{60CAB686-9C62-439F-A945-96FA382D2A29}"
	ProjectSection(SolutionItems) = preProject
		.editorconfig = .editorconfig
	EndProjectSection
EndProject
Global
	GlobalSection(SolutionConfigurationPlatforms) = preSolution
		Debug|Any CPU = Debug|Any CPU
		Release|Any CPU = Release|Any CPU
	EndGlobalSection
	GlobalSection(ProjectConfigurationPlatforms) = postSolution
		{A159C6E6-5E46-4B2E-933D-2173DDBEDD77}.Debug|Any CPU.ActiveCfg = Debug|Any CPU
		{A159C6E6-5E46-4B2E-933D-2173DDBEDD77}.Debug|Any CPU.Build.0 = Debug|Any CPU
		{A159C6E6-5E46-4B2E-933D-2173DDBEDD77}.Release|Any CPU.ActiveCfg = Release|Any CPU
		{A159C6E6-5E46-4B2E-933D-2173DDBEDD77}.Release|Any CPU.Build.0 = Release|Any CPU
	EndGlobalSection
	GlobalSection(SolutionProperties) = preSolution
		HideSolutionNode = FALSE
	EndGlobalSection
	GlobalSection(ExtensibilityGlobals) = postSolution
		SolutionGuid = {D2349B30-AA03-4670-A79E-B58F3E97D4D7}
	EndGlobalSection
EndGlobal
